{
  "name": "claude-workflow",
  "version": "2.1.1",
  "lockfileVersion": 3,
  "requires": true,
  "packages": {
    "": {
      "name": "claude-workflow",
      "version": "2.1.1",
      "license": "MIT",
      "peerDependencies": {
        "ecc-universal": ">=1.10.0 || >=2.0.0-rc.0"
      },
      "peerDependenciesMeta": {
        "ecc-universal": {
          "optional": true
        }
      }
    }
  }
}
